<?xml version="1.0" encoding="utf-8"?>
<Project ToolsVersion="4.0" xmlns="http://schemas.microsoft.com/developer/msbuild/2003">
  <ItemGroup>
    <Filter Include="Source Files">
      <UniqueIdentifier>{4FC737F1-C7A5-4376-A066-2A32D752A2FF}</UniqueIdentifier>
      <Extensions>cpp;c;cc;cxx;def;odl;idl;hpj;bat;asm;asmx</Extensions>
    </Filter>
    <Filter Include="Header Files">
      <UniqueIdentifier>{93995380-89BD-4b04-88EB-625FBE52EBFB}</UniqueIdentifier>
      <Extensions>h;hpp;hxx;hm;inl;inc;xsd</Extensions>
    </Filter>
    <Filter Include="Resource Files">
      <UniqueIdentifier>{67DA6AB6-F800-4c08-8B7A-83BB121AAD01}</UniqueIdentifier>
      <Extensions>rc;ico;cur;bmp;dlg;rc2;rct;bin;rgs;gif;jpg;jpeg;jpe;resx;tiff;tif;png;wav;mfcribbon-ms</Extensions>
    </Filter>
  </ItemGroup>
  <ItemGroup>
    <ClInclude Include="Code\component.h">
      <Filter>Header Files</Filter>
    </ClInclude>
    <ClInclude Include="Code\font\bmfont\acutil_unicode.h">
      <Filter>Header Files</Filter>
    </ClInclude>
    <ClInclude Include="Code\font\bmfont\font.h">
      <Filter>Header Files</Filter>
    </ClInclude>
    <ClInclude Include="Code\font\bmfont\font_loader.h">
      <Filter>Header Files</Filter>
    </ClInclude>
    <ClInclude Include="Code\font\writer.h">
      <Filter>Header Files</Filter>
    </ClInclude>
    <ClInclude Include="Code\context\context.h">
      <Filter>Header Files</Filter>
    </ClInclude>
    <ClInclude Include="Code\context\contextd3d11.h">
      <Filter>Header Files</Filter>
    </ClInclude>
    <ClInclude Include="Code\effect\effect.h">
      <Filter>Header Files</Filter>
    </ClInclude>
    <ClInclude Include="Code\scene\scene.h">
      <Filter>Header Files</Filter>
    </ClInclude>
    <ClInclude Include="Code\camera\camera.h">
      <Filter>Header Files</Filter>
    </ClInclude>
    <ClInclude Include="Code\camera\camera2d.h">
      <Filter>Header Files</Filter>
    </ClInclude>
    <ClInclude Include="Code\shader\shader.h">
      <Filter>Header Files</Filter>
    </ClInclude>
    <ClInclude Include="Code\buffer\vertex.h">
      <Filter>Header Files</Filter>
    </ClInclude>
    <ClInclude Include="Code\buffer\vertex_buffer.h">
      <Filter>Header Files</Filter>
    </ClInclude>
    <ClInclude Include="Code\buffer\buffer.h">
      <Filter>Header Files</Filter>
    </ClInclude>
    <ClInclude Include="Code\sprite\sprite.h">
      <Filter>Header Files</Filter>
    </ClInclude>
    <ClInclude Include="Code\drawable.h">
      <Filter>Header Files</Filter>
    </ClInclude>
    <ClInclude Include="Code\shape\shape.h">
      <Filter>Header Files</Filter>
    </ClInclude>
    <ClInclude Include="Code\shape\arc.h">
      <Filter>Header Files</Filter>
    </ClInclude>
    <ClInclude Include="Code\buffer\constant_buffer.h">
      <Filter>Header Files</Filter>
    </ClInclude>
    <ClInclude Include="Code\input_layout.h">
      <Filter>Header Files</Filter>
    </ClInclude>
    <ClInclude Include="Code\font\font_sprite.h">
      <Filter>Header Files</Filter>
    </ClInclude>
    <ClInclude Include="Code\shader\shader2d_helper.h">
      <Filter>Header Files</Filter>
    </ClInclude>
    <ClInclude Include="Code\shape\rectangle.h">
      <Filter>Header Files</Filter>
    </ClInclude>
  </ItemGroup>
  <ItemGroup>
    <ClCompile Include="Code\font\bmfont\acutil_unicode.cpp">
      <Filter>Source Files</Filter>
    </ClCompile>
    <ClCompile Include="Code\font\bmfont\font.cpp">
      <Filter>Source Files</Filter>
    </ClCompile>
    <ClCompile Include="Code\font\bmfont\font_loader.cpp">
      <Filter>Source Files</Filter>
    </ClCompile>
    <ClCompile Include="Code\font\writer.cpp">
      <Filter>Source Files</Filter>
    </ClCompile>
    <ClCompile Include="Code\context\contextd3d11.cpp">
      <Filter>Source Files</Filter>
    </ClCompile>
    <ClCompile Include="Code\effect\effect.cpp">
      <Filter>Source Files</Filter>
    </ClCompile>
    <ClCompile Include="Code\sprite\sprite.cpp">
      <Filter>Source Files</Filter>
    </ClCompile>
    <ClCompile Include="Code\shape\arc.cpp">
      <Filter>Source Files</Filter>
    </ClCompile>
    <ClCompile Include="Code\font\font_sprite.cpp">
      <Filter>Source Files</Filter>
    </ClCompile>
    <ClCompile Include="Code\shader\shader2d_helper.cpp">
      <Filter>Source Files</Filter>
    </ClCompile>
    <ClCompile Include="Code\shape\rectangle.cpp">
      <Filter>Source Files</Filter>
    </ClCompile>
  </ItemGroup>
  <ItemGroup>
    <None Include="README" />
  </ItemGroup>
</Project>