<?xml version="1.0" encoding="utf-8"?>
<Project ToolsVersion="4.0" xmlns="http://schemas.microsoft.com/developer/msbuild/2003">
  <ItemGroup>
    <Filter Include="Source Files">
      <UniqueIdentifier>{4FC737F1-C7A5-4376-A066-2A32D752A2FF}</UniqueIdentifier>
      <Extensions>cpp;c;cc;cxx;def;odl;idl;hpj;bat;asm;asmx</Extensions>
    </Filter>
    <Filter Include="Header Files">
      <UniqueIdentifier>{93995380-89BD-4b04-88EB-625FBE52EBFB}</UniqueIdentifier>
      <Extensions>h;hpp;hxx;hm;inl;inc;xsd</Extensions>
    </Filter>
    <Filter Include="Resource Files">
      <UniqueIdentifier>{67DA6AB6-F800-4c08-8B7A-83BB121AAD01}</UniqueIdentifier>
      <Extensions>rc;ico;cur;bmp;dlg;rc2;rct;bin;rgs;gif;jpg;jpeg;jpe;resx;tiff;tif;png;wav;mfcribbon-ms</Extensions>
    </Filter>
  </ItemGroup>
  <ItemGroup>
    <ClInclude Include="Code\component.h">
      <Filter>Header Files</Filter>
    </ClInclude>
    <ClInclude Include="Code\font\bmfont\acutil_unicode.h">
      <Filter>Header Files</Filter>
    </ClInclude>
    <ClInclude Include="Code\font\bmfont\font.h">
      <Filter>Header Files</Filter>
    </ClInclude>
    <ClInclude Include="Code\font\bmfont\font_loader.h">
      <Filter>Header Files</Filter>
    </ClInclude>
    <ClInclude Include="Code\font\writer.h">
      <Filter>Header Files</Filter>
    </ClInclude>
    <ClInclude Include="Code\context\context.h">
      <Filter>Header Files</Filter>
    </ClInclude>
    <ClInclude Include="Code\context\contextd3d11.h">
      <Filter>Header Files</Filter>
    </ClInclude>
    <ClInclude Include="Code\effect\effect.h">
      <Filter>Header Files</Filter>
    </ClInclude>
    <ClInclude Include="Code\scene\scene.h">
      <Filter>Header Files</Filter>
    </ClInclude>
    <ClInclude Include="Code\camera\camera.h">
      <Filter>Header Files</Filter>
    </ClInclude>
    <ClInclude Include="Code\camera\camera2d.h">
      <Filter>Header Files</Filter>
    </ClInclude>
    <ClInclude Include="Code\shader\shader.h">
      <Filter>Header Files</Filter>
    </ClInclude>
    <ClInclude Include="Code\buffer\vertex.h">
      <Filter>Header Files</Filter>
    </ClInclude>
    <ClInclude Include="Code\buffer\vertex_buffer.h">
      <Filter>Header Files</Filter>
    </ClInclude>
    <ClInclude Include="Code\buffer\buffer.h">
      <Filter>Header Files</Filter>
    </ClInclude>
    <ClInclude Include="Code\sprite\sprite.h">
      <Filter>Header Files</Filter>
    </ClInclude>
    <ClInclude Include="Code\drawable.h">
      <Filter>Header Files</Filter>
    </ClInclude>
    <ClInclude Include="Code\shape\shape.h">
      <Filter>Header Files</Filter>
    </ClInclude>
    <ClInclude Include="Code\shape\arc.h">
      <Filter>Header Files</Filter>
    </ClInclude>
    <ClInclude Include="Code\buffer\constant_buffer.h">
      <Filter>Header Files</Filter>
    </ClInclude>
    <ClInclude Include="Code\input_layout.h">
      <Filter>Header Files</Filter>
    </ClInclude>
    <ClInclude Include="Code\font\font_sprite.h">
      <Filter>Header Files</Filter>
    </ClInclude>
    <ClInclude Include="Code\shader\shader2d_helper.h">
      <Filter>Header Files</Filter>
    </ClInclude>
    <ClInclude Include="Code\shape\rectangle.h">
      <Filter>Header Files</Filter>
    </ClInclude>
    <ClInclude Include="Code\ve.h">
      <Filter>Header Files</Filter>
    </ClInclude>
    <ClInclude Include="Code\texture.h">
      <Filter>Header Files</Filter>
    </ClInclude>
    <ClInclude Include="Code\resource_view.h">
      <Filter>Header Files</Filter>
    </ClInclude>
    <ClInclude Include="Code\util\timer.h">
      <Filter>Header Files</Filter>
    </ClInclude>
    <ClInclude Include="Code\util\asyncdataread.h">
      <Filter>Header Files</Filter>
    </ClInclude>
    <ClInclude Include="Code\util\WICTextureLoader.h">
      <Filter>Header Files</Filter>
    </ClInclude>
    <ClInclude Include="Code\shader\shader_manager.h">
      <Filter>Header Files</Filter>
    </ClInclude>
    <ClInclude Include="Code\render_object.h">
      <Filter>Header Files</Filter>
    </ClInclude>
    <ClInclude Include="Code\util\easing.h">
      <Filter>Header Files</Filter>
    </ClInclude>
    <ClInclude Include="Code\action\action_manager.h">
      <Filter>Header Files</Filter>
    </ClInclude>
    <ClInclude Include="libs\rapidjson\internal\pow10.h">
      <Filter>Header Files</Filter>
    </ClInclude>
    <ClInclude Include="libs\rapidjson\internal\stack.h">
      <Filter>Header Files</Filter>
    </ClInclude>
    <ClInclude Include="libs\rapidjson\internal\strfunc.h">
      <Filter>Header Files</Filter>
    </ClInclude>
    <ClInclude Include="libs\rapidjson\document.h">
      <Filter>Header Files</Filter>
    </ClInclude>
    <ClInclude Include="libs\rapidjson\filestream.h">
      <Filter>Header Files</Filter>
    </ClInclude>
    <ClInclude Include="libs\rapidjson\prettywriter.h">
      <Filter>Header Files</Filter>
    </ClInclude>
    <ClInclude Include="libs\rapidjson\rapidjson.h">
      <Filter>Header Files</Filter>
    </ClInclude>
    <ClInclude Include="libs\rapidjson\reader.h">
      <Filter>Header Files</Filter>
    </ClInclude>
    <ClInclude Include="libs\rapidjson\stringbuffer.h">
      <Filter>Header Files</Filter>
    </ClInclude>
    <ClInclude Include="libs\rapidjson\writer.h">
      <Filter>Header Files</Filter>
    </ClInclude>
    <ClInclude Include="Code\camera\first_person_camera.h">
      <Filter>Header Files</Filter>
    </ClInclude>
    <ClInclude Include="Code\util\dds.h">
      <Filter>Header Files</Filter>
    </ClInclude>
    <ClInclude Include="Code\util\DDSTextureLoader.h">
      <Filter>Header Files</Filter>
    </ClInclude>
    <ClInclude Include="Code\object\skybox.h">
      <Filter>Header Files</Filter>
    </ClInclude>
    <ClInclude Include="Code\sprite\sprite_batch.h">
      <Filter>Header Files</Filter>
    </ClInclude>
    <ClInclude Include="Code\resource\resource.h">
      <Filter>Header Files</Filter>
    </ClInclude>
    <ClInclude Include="Code\resource\resource_manager.h">
      <Filter>Header Files</Filter>
    </ClInclude>
    <ClInclude Include="libs\rapidxml\rapidxml.hpp">
      <Filter>Header Files</Filter>
    </ClInclude>
    <ClInclude Include="libs\rapidxml\rapidxml_iterators.hpp">
      <Filter>Header Files</Filter>
    </ClInclude>
    <ClInclude Include="libs\rapidxml\rapidxml_print.hpp">
      <Filter>Header Files</Filter>
    </ClInclude>
    <ClInclude Include="libs\rapidxml\rapidxml_utils.hpp">
      <Filter>Header Files</Filter>
    </ClInclude>
    <ClInclude Include="Code\resource\font_resource.h">
      <Filter>Header Files</Filter>
    </ClInclude>
    <ClInclude Include="Code\resource\texture_resource.h">
      <Filter>Header Files</Filter>
    </ClInclude>
    <ClInclude Include="libs\7z\XzEnc.h">
      <Filter>Header Files</Filter>
    </ClInclude>
    <ClInclude Include="libs\7z\XzCrc64.h">
      <Filter>Header Files</Filter>
    </ClInclude>
    <ClInclude Include="libs\7z\Xz.h">
      <Filter>Header Files</Filter>
    </ClInclude>
    <ClInclude Include="libs\7z\Types.h">
      <Filter>Header Files</Filter>
    </ClInclude>
    <ClInclude Include="libs\7z\Threads.h">
      <Filter>Header Files</Filter>
    </ClInclude>
    <ClInclude Include="libs\7z\Sha256.h">
      <Filter>Header Files</Filter>
    </ClInclude>
    <ClInclude Include="libs\7z\RotateDefs.h">
      <Filter>Header Files</Filter>
    </ClInclude>
    <ClInclude Include="libs\7z\Ppmd7.h">
      <Filter>Header Files</Filter>
    </ClInclude>
    <ClInclude Include="libs\7z\Ppmd.h">
      <Filter>Header Files</Filter>
    </ClInclude>
    <ClInclude Include="libs\7z\MtCoder.h">
      <Filter>Header Files</Filter>
    </ClInclude>
    <ClInclude Include="libs\7z\LzmaLib.h">
      <Filter>Header Files</Filter>
    </ClInclude>
    <ClInclude Include="libs\7z\LzmaEnc.h">
      <Filter>Header Files</Filter>
    </ClInclude>
    <ClInclude Include="libs\7z\LzmaDec.h">
      <Filter>Header Files</Filter>
    </ClInclude>
    <ClInclude Include="libs\7z\Lzma86.h">
      <Filter>Header Files</Filter>
    </ClInclude>
    <ClInclude Include="libs\7z\Lzma2Enc.h">
      <Filter>Header Files</Filter>
    </ClInclude>
    <ClInclude Include="libs\7z\Lzma2Dec.h">
      <Filter>Header Files</Filter>
    </ClInclude>
    <ClInclude Include="libs\7z\LzHash.h">
      <Filter>Header Files</Filter>
    </ClInclude>
    <ClInclude Include="libs\7z\LzFindMt.h">
      <Filter>Header Files</Filter>
    </ClInclude>
    <ClInclude Include="libs\7z\Delta.h">
      <Filter>Header Files</Filter>
    </ClInclude>
    <ClInclude Include="libs\7z\LzFind.h">
      <Filter>Header Files</Filter>
    </ClInclude>
    <ClInclude Include="libs\7z\CpuArch.h">
      <Filter>Header Files</Filter>
    </ClInclude>
    <ClInclude Include="libs\7z\Bra.h">
      <Filter>Header Files</Filter>
    </ClInclude>
    <ClInclude Include="libs\7z\7zFile.h">
      <Filter>Header Files</Filter>
    </ClInclude>
    <ClInclude Include="libs\7z\7zCrc.h">
      <Filter>Header Files</Filter>
    </ClInclude>
    <ClInclude Include="libs\7z\7zBuf.h">
      <Filter>Header Files</Filter>
    </ClInclude>
    <ClInclude Include="libs\7z\Alloc.h">
      <Filter>Header Files</Filter>
    </ClInclude>
    <ClInclude Include="libs\7z\7zVersion.h">
      <Filter>Header Files</Filter>
    </ClInclude>
    <ClInclude Include="libs\7z\Bcj2.h">
      <Filter>Header Files</Filter>
    </ClInclude>
    <ClInclude Include="libs\7z\7zAlloc.h">
      <Filter>Header Files</Filter>
    </ClInclude>
    <ClInclude Include="libs\7z\7z.h">
      <Filter>Header Files</Filter>
    </ClInclude>
  </ItemGroup>
  <ItemGroup>
    <ClCompile Include="Code\font\bmfont\acutil_unicode.cpp">
      <Filter>Source Files</Filter>
    </ClCompile>
    <ClCompile Include="Code\font\bmfont\font.cpp">
      <Filter>Source Files</Filter>
    </ClCompile>
    <ClCompile Include="Code\font\bmfont\font_loader.cpp">
      <Filter>Source Files</Filter>
    </ClCompile>
    <ClCompile Include="Code\font\writer.cpp">
      <Filter>Source Files</Filter>
    </ClCompile>
    <ClCompile Include="Code\context\contextd3d11.cpp">
      <Filter>Source Files</Filter>
    </ClCompile>
    <ClCompile Include="Code\effect\effect.cpp">
      <Filter>Source Files</Filter>
    </ClCompile>
    <ClCompile Include="Code\shape\arc.cpp">
      <Filter>Source Files</Filter>
    </ClCompile>
    <ClCompile Include="Code\font\font_sprite.cpp">
      <Filter>Source Files</Filter>
    </ClCompile>
    <ClCompile Include="Code\shader\shader2d_helper.cpp">
      <Filter>Source Files</Filter>
    </ClCompile>
    <ClCompile Include="Code\shape\rectangle.cpp">
      <Filter>Source Files</Filter>
    </ClCompile>
    <ClCompile Include="Code\util\WICTextureLoader.cpp">
      <Filter>Source Files</Filter>
    </ClCompile>
    <ClCompile Include="Code\action\action_manager.cpp">
      <Filter>Source Files</Filter>
    </ClCompile>
    <ClCompile Include="Code\state\state_manager.cpp">
      <Filter>Source Files</Filter>
    </ClCompile>
    <ClCompile Include="Code\camera\first_person_camera.cpp">
      <Filter>Source Files</Filter>
    </ClCompile>
    <ClCompile Include="Code\shader\shader_manager.cpp">
      <Filter>Source Files</Filter>
    </ClCompile>
    <ClCompile Include="Code\util\DDSTextureLoader.cpp">
      <Filter>Source Files</Filter>
    </ClCompile>
    <ClCompile Include="Code\object\skybox.cpp">
      <Filter>Source Files</Filter>
    </ClCompile>
    <ClCompile Include="Code\sprite\sprite_batch.cpp">
      <Filter>Source Files</Filter>
    </ClCompile>
    <ClCompile Include="Code\resource\resource.cpp">
      <Filter>Source Files</Filter>
    </ClCompile>
    <ClCompile Include="Code\resource\resource_manager.cpp">
      <Filter>Source Files</Filter>
    </ClCompile>
    <ClCompile Include="Code\resource\font_resource.cpp">
      <Filter>Source Files</Filter>
    </ClCompile>
    <ClCompile Include="Code\resource\texture_resource.cpp">
      <Filter>Source Files</Filter>
    </ClCompile>
    <ClCompile Include="libs\7z\7zAlloc.c">
      <Filter>Source Files</Filter>
    </ClCompile>
    <ClCompile Include="libs\7z\7zBuf.c">
      <Filter>Source Files</Filter>
    </ClCompile>
    <ClCompile Include="libs\7z\7zBuf2.c">
      <Filter>Source Files</Filter>
    </ClCompile>
    <ClCompile Include="libs\7z\7zCrc.c">
      <Filter>Source Files</Filter>
    </ClCompile>
    <ClCompile Include="libs\7z\7zCrcOpt.c">
      <Filter>Source Files</Filter>
    </ClCompile>
    <ClCompile Include="libs\7z\7zDec.c">
      <Filter>Source Files</Filter>
    </ClCompile>
    <ClCompile Include="libs\7z\7zFile.c">
      <Filter>Source Files</Filter>
    </ClCompile>
    <ClCompile Include="libs\7z\7zIn.c">
      <Filter>Source Files</Filter>
    </ClCompile>
    <ClCompile Include="libs\7z\7zStream.c">
      <Filter>Source Files</Filter>
    </ClCompile>
    <ClCompile Include="libs\7z\Alloc.c">
      <Filter>Source Files</Filter>
    </ClCompile>
    <ClCompile Include="libs\7z\Bcj2.c">
      <Filter>Source Files</Filter>
    </ClCompile>
    <ClCompile Include="libs\7z\Bra.c">
      <Filter>Source Files</Filter>
    </ClCompile>
    <ClCompile Include="libs\7z\Bra86.c">
      <Filter>Source Files</Filter>
    </ClCompile>
    <ClCompile Include="libs\7z\BraIA64.c">
      <Filter>Source Files</Filter>
    </ClCompile>
    <ClCompile Include="libs\7z\CpuArch.c">
      <Filter>Source Files</Filter>
    </ClCompile>
    <ClCompile Include="libs\7z\Delta.c">
      <Filter>Source Files</Filter>
    </ClCompile>
    <ClCompile Include="libs\7z\LzFind.c">
      <Filter>Source Files</Filter>
    </ClCompile>
    <ClCompile Include="libs\7z\LzFindMt.c">
      <Filter>Source Files</Filter>
    </ClCompile>
    <ClCompile Include="libs\7z\Lzma2Dec.c">
      <Filter>Source Files</Filter>
    </ClCompile>
    <ClCompile Include="libs\7z\Lzma2Enc.c">
      <Filter>Source Files</Filter>
    </ClCompile>
    <ClCompile Include="libs\7z\Lzma86Dec.c">
      <Filter>Source Files</Filter>
    </ClCompile>
    <ClCompile Include="libs\7z\Lzma86Enc.c">
      <Filter>Source Files</Filter>
    </ClCompile>
    <ClCompile Include="libs\7z\LzmaDec.c">
      <Filter>Source Files</Filter>
    </ClCompile>
    <ClCompile Include="libs\7z\LzmaEnc.c">
      <Filter>Source Files</Filter>
    </ClCompile>
    <ClCompile Include="libs\7z\LzmaLib.c">
      <Filter>Source Files</Filter>
    </ClCompile>
    <ClCompile Include="libs\7z\MtCoder.c">
      <Filter>Source Files</Filter>
    </ClCompile>
    <ClCompile Include="libs\7z\Ppmd7.c">
      <Filter>Source Files</Filter>
    </ClCompile>
    <ClCompile Include="libs\7z\Ppmd7Dec.c">
      <Filter>Source Files</Filter>
    </ClCompile>
    <ClCompile Include="libs\7z\Ppmd7Enc.c">
      <Filter>Source Files</Filter>
    </ClCompile>
    <ClCompile Include="libs\7z\Sha256.c">
      <Filter>Source Files</Filter>
    </ClCompile>
    <ClCompile Include="libs\7z\Threads.c">
      <Filter>Source Files</Filter>
    </ClCompile>
    <ClCompile Include="libs\7z\Xz.c">
      <Filter>Source Files</Filter>
    </ClCompile>
    <ClCompile Include="libs\7z\XzCrc64.c">
      <Filter>Source Files</Filter>
    </ClCompile>
    <ClCompile Include="libs\7z\XzDec.c">
      <Filter>Source Files</Filter>
    </ClCompile>
    <ClCompile Include="libs\7z\XzEnc.c">
      <Filter>Source Files</Filter>
    </ClCompile>
    <ClCompile Include="libs\7z\XzIn.c">
      <Filter>Source Files</Filter>
    </ClCompile>
  </ItemGroup>
  <ItemGroup>
    <None Include="README" />
  </ItemGroup>
</Project>